{
  "version": "4",
  "specifiers": {
    "jsr:@sebbo2002/ical-generator@*": "8.1.1",
    "npm:@notionhq/client@*": "3.0.0",
    "npm:uuid-random@^1.3.2": "1.3.2"
  },
  "jsr": {
    "@sebbo2002/ical-generator@8.1.1": {
      "integrity": "a88b1b33663ee2f0cced114adf38d041363e607dc5d685a88b825b201a429e0e",
      "dependencies": [
        "npm:uuid-random"
      ]
    }
  },
  "npm": {
    "@notionhq/client@3.0.0": {
      "integrity": "sha512-TlWxZT/rsrjGWJOrnVuiLAlWNPXDumHyRMcw81bJcy2RupSyfjjUCYRELDEyZog48sjVK69/hHLIAwOF3C+ECQ=="
    },
    "uuid-random@1.3.2": {
      "integrity": "sha512-UOzej0Le/UgkbWEO8flm+0y+G+ljUon1QWTEZOq1rnMAsxo2+SckbiZdKzAHHlVh6gJqI1TjC/xwgR50MuCrBQ=="
    }
  }
}
